# THIS IS AN AUTOGENERATED FILE. DO NOT EDIT THIS FILE DIRECTLY.
# yarn lockfile v1


normalize.css@^8.0.0:
  version "8.0.0"
  resolved "https://registry.yarnpkg.com/normalize.css/-/normalize.css-8.0.0.tgz#14ac5e461612538a4ce9be90a7da23f86e718493"

three@^0.93.0:
  version "0.93.0"
  resolved "https://registry.yarnpkg.com/three/-/three-0.93.0.tgz#3fd6c367ef4554abbb6e16ad69936283e895c123"
